
Microsoft Visual Studio Solution File, Format Version 12.00
# Visual Studio 15
VisualStudioVersion = 15.0.28307.168
MinimumVisualStudioVersion = 10.0.40219.1
Project("{FAE04EC0-301F-11D3-BF4B-00C04F79EFBC}") = "LOBApp", "LOBApp\LOBApp\LOBApp.csproj", "{F3BECA47-8673-44F2-8D96-CE36B4D453CC}"
EndProject
Project("{FAE04EC0-301F-11D3-BF4B-00C04F79EFBC}") = "LOBApp.Android", "LOBApp\LOBApp.Android\LOBApp.Android.csproj", "{0FED7337-FD8F-496A-9A9D-4EB9C5D71A90}"
EndProject
Project("{FAE04EC0-301F-11D3-BF4B-00C04F79EFBC}") = "LOBApp.iOS", "LOBApp\LOBApp.iOS\LOBApp.iOS.csproj", "{BF22F345-F8A7-4973-8B1A-9902BF73F86A}"
EndProject
Project("{FAE04EC0-301F-11D3-BF4B-00C04F79EFBC}") = "LOBApp.UWP", "LOBApp\LOBApp.UWP\LOBApp.UWP.csproj", "{1CE1819B-054E-47CD-B26F-DF62404C2ACD}"
EndProject
Global
	GlobalSection(SolutionConfigurationPlatforms) = preSolution
		Ad-Hoc|Any CPU = Ad-Hoc|Any CPU
		Ad-Hoc|ARM = Ad-Hoc|ARM
		Ad-Hoc|iPhone = Ad-Hoc|iPhone
		Ad-Hoc|iPhoneSimulator = Ad-Hoc|iPhoneSimulator
		Ad-Hoc|x64 = Ad-Hoc|x64
		Ad-Hoc|x86 = Ad-Hoc|x86
		AppStore|Any CPU = AppStore|Any CPU
		AppStore|ARM = AppStore|ARM
		AppStore|iPhone = AppStore|iPhone
		AppStore|iPhoneSimulator = AppStore|iPhoneSimulator
		AppStore|x64 = AppStore|x64
		AppStore|x86 = AppStore|x86
		Debug|Any CPU = Debug|Any CPU
		Debug|ARM = Debug|ARM
		Debug|iPhone = Debug|iPhone
		Debug|iPhoneSimulator = Debug|iPhoneSimulator
		Debug|x64 = Debug|x64
		Debug|x86 = Debug|x86
		Release|Any CPU = Release|Any CPU
		Release|ARM = Release|ARM
		Release|iPhone = Release|iPhone
		Release|iPhoneSimulator = Release|iPhoneSimulator
		Release|x64 = Release|x64
		Release|x86 = Release|x86
	EndGlobalSection
	GlobalSection(ProjectConfigurationPlatforms) = postSolution
		{F3BECA47-8673-44F2-8D96-CE36B4D453CC}.Ad-Hoc|Any CPU.ActiveCfg = Debug|Any CPU
		{F3BECA47-8673-44F2-8D96-CE36B4D453CC}.Ad-Hoc|Any CPU.Build.0 = Debug|Any CPU
		{F3BECA47-8673-44F2-8D96-CE36B4D453CC}.Ad-Hoc|ARM.ActiveCfg = Debug|Any CPU
		{F3BECA47-8673-44F2-8D96-CE36B4D453CC}.Ad-Hoc|ARM.Build.0 = Debug|Any CPU
		{F3BECA47-8673-44F2-8D96-CE36B4D453CC}.Ad-Hoc|iPhone.ActiveCfg = Debug|Any CPU
		{F3BECA47-8673-44F2-8D96-CE36B4D453CC}.Ad-Hoc|iPhone.Build.0 = Debug|Any CPU
		{F3BECA47-8673-44F2-8D96-CE36B4D453CC}.Ad-Hoc|iPhoneSimulator.ActiveCfg = Debug|Any CPU
		{F3BECA47-8673-44F2-8D96-CE36B4D453CC}.Ad-Hoc|iPhoneSimulator.Build.0 = Debug|Any CPU
		{F3BECA47-8673-44F2-8D96-CE36B4D453CC}.Ad-Hoc|x64.ActiveCfg = Debug|Any CPU
		{F3BECA47-8673-44F2-8D96-CE36B4D453CC}.Ad-Hoc|x64.Build.0 = Debug|Any CPU
		{F3BECA47-8673-44F2-8D96-CE36B4D453CC}.Ad-Hoc|x86.ActiveCfg = Debug|Any CPU
		{F3BECA47-8673-44F2-8D96-CE36B4D453CC}.Ad-Hoc|x86.Build.0 = Debug|Any CPU
		{F3BECA47-8673-44F2-8D96-CE36B4D453CC}.AppStore|Any CPU.ActiveCfg = Debug|Any CPU
		{F3BECA47-8673-44F2-8D96-CE36B4D453CC}.AppStore|Any CPU.Build.0 = Debug|Any CPU
		{F3BECA47-8673-44F2-8D96-CE36B4D453CC}.AppStore|ARM.ActiveCfg = Debug|Any CPU
		{F3BECA47-8673-44F2-8D96-CE36B4D453CC}.AppStore|ARM.Build.0 = Debug|Any CPU
		{F3BECA47-8673-44F2-8D96-CE36B4D453CC}.AppStore|iPhone.ActiveCfg = Debug|Any CPU
		{F3BECA47-8673-44F2-8D96-CE36B4D453CC}.AppStore|iPhone.Build.0 = Debug|Any CPU
		{F3BECA47-8673-44F2-8D96-CE36B4D453CC}.AppStore|iPhoneSimulator.ActiveCfg = Debug|Any CPU
		{F3BECA47-8673-44F2-8D96-CE36B4D453CC}.AppStore|iPhoneSimulator.Build.0 = Debug|Any CPU
		{F3BECA47-8673-44F2-8D96-CE36B4D453CC}.AppStore|x64.ActiveCfg = Debug|Any CPU
		{F3BECA47-8673-44F2-8D96-CE36B4D453CC}.AppStore|x64.Build.0 = Debug|Any CPU
		{F3BECA47-8673-44F2-8D96-CE36B4D453CC}.AppStore|x86.ActiveCfg = Debug|Any CPU
		{F3BECA47-8673-44F2-8D96-CE36B4D453CC}.AppStore|x86.Build.0 = Debug|Any CPU
		{F3BECA47-8673-44F2-8D96-CE36B4D453CC}.Debug|Any CPU.ActiveCfg = Debug|Any CPU
		{F3BECA47-8673-44F2-8D96-CE36B4D453CC}.Debug|Any CPU.Build.0 = Debug|Any CPU
		{F3BECA47-8673-44F2-8D96-CE36B4D453CC}.Debug|ARM.ActiveCfg = Debug|Any CPU
		{F3BECA47-8673-44F2-8D96-CE36B4D453CC}.Debug|ARM.Build.0 = Debug|Any CPU
		{F3BECA47-8673-44F2-8D96-CE36B4D453CC}.Debug|iPhone.ActiveCfg = Debug|Any CPU
		{F3BECA47-8673-44F2-8D96-CE36B4D453CC}.Debug|iPhone.Build.0 = Debug|Any CPU
		{F3BECA47-8673-44F2-8D96-CE36B4D453CC}.Debug|iPhoneSimulator.ActiveCfg = Debug|Any CPU
		{F3BECA47-8673-44F2-8D96-CE36B4D453CC}.Debug|iPhoneSimulator.Build.0 = Debug|Any CPU
		{F3BECA47-8673-44F2-8D96-CE36B4D453CC}.Debug|x64.ActiveCfg = Debug|Any CPU
		{F3BECA47-8673-44F2-8D96-CE36B4D453CC}.Debug|x64.Build.0 = Debug|Any CPU
		{F3BECA47-8673-44F2-8D96-CE36B4D453CC}.Debug|x86.ActiveCfg = Debug|Any CPU
		{F3BECA47-8673-44F2-8D96-CE36B4D453CC}.Debug|x86.Build.0 = Debug|Any CPU
		{F3BECA47-8673-44F2-8D96-CE36B4D453CC}.Release|Any CPU.ActiveCfg = Release|Any CPU
		{F3BECA47-8673-44F2-8D96-CE36B4D453CC}.Release|Any CPU.Build.0 = Release|Any CPU
		{F3BECA47-8673-44F2-8D96-CE36B4D453CC}.Release|ARM.ActiveCfg = Release|Any CPU
		{F3BECA47-8673-44F2-8D96-CE36B4D453CC}.Release|ARM.Build.0 = Release|Any CPU
		{F3BECA47-8673-44F2-8D96-CE36B4D453CC}.Release|iPhone.ActiveCfg = Release|Any CPU
		{F3BECA47-8673-44F2-8D96-CE36B4D453CC}.Release|iPhone.Build.0 = Release|Any CPU
		{F3BECA47-8673-44F2-8D96-CE36B4D453CC}.Release|iPhoneSimulator.ActiveCfg = Release|Any CPU
		{F3BECA47-8673-44F2-8D96-CE36B4D453CC}.Release|iPhoneSimulator.Build.0 = Release|Any CPU
		{F3BECA47-8673-44F2-8D96-CE36B4D453CC}.Release|x64.ActiveCfg = Release|Any CPU
		{F3BECA47-8673-44F2-8D96-CE36B4D453CC}.Release|x64.Build.0 = Release|Any CPU
		{F3BECA47-8673-44F2-8D96-CE36B4D453CC}.Release|x86.ActiveCfg = Release|Any CPU
		{F3BECA47-8673-44F2-8D96-CE36B4D453CC}.Release|x86.Build.0 = Release|Any CPU
		{0FED7337-FD8F-496A-9A9D-4EB9C5D71A90}.Ad-Hoc|Any CPU.ActiveCfg = Release|Any CPU
		{0FED7337-FD8F-496A-9A9D-4EB9C5D71A90}.Ad-Hoc|Any CPU.Build.0 = Release|Any CPU
		{0FED7337-FD8F-496A-9A9D-4EB9C5D71A90}.Ad-Hoc|Any CPU.Deploy.0 = Release|Any CPU
		{0FED7337-FD8F-496A-9A9D-4EB9C5D71A90}.Ad-Hoc|ARM.ActiveCfg = Release|Any CPU
		{0FED7337-FD8F-496A-9A9D-4EB9C5D71A90}.Ad-Hoc|ARM.Build.0 = Release|Any CPU
		{0FED7337-FD8F-496A-9A9D-4EB9C5D71A90}.Ad-Hoc|ARM.Deploy.0 = Release|Any CPU
		{0FED7337-FD8F-496A-9A9D-4EB9C5D71A90}.Ad-Hoc|iPhone.ActiveCfg = Release|Any CPU
		{0FED7337-FD8F-496A-9A9D-4EB9C5D71A90}.Ad-Hoc|iPhone.Build.0 = Release|Any CPU
		{0FED7337-FD8F-496A-9A9D-4EB9C5D71A90}.Ad-Hoc|iPhone.Deploy.0 = Release|Any CPU
		{0FED7337-FD8F-496A-9A9D-4EB9C5D71A90}.Ad-Hoc|iPhoneSimulator.ActiveCfg = Release|Any CPU
		{0FED7337-FD8F-496A-9A9D-4EB9C5D71A90}.Ad-Hoc|iPhoneSimulator.Build.0 = Release|Any CPU
		{0FED7337-FD8F-496A-9A9D-4EB9C5D71A90}.Ad-Hoc|iPhoneSimulator.Deploy.0 = Release|Any CPU
		{0FED7337-FD8F-496A-9A9D-4EB9C5D71A90}.Ad-Hoc|x64.ActiveCfg = Release|Any CPU
		{0FED7337-FD8F-496A-9A9D-4EB9C5D71A90}.Ad-Hoc|x64.Build.0 = Release|Any CPU
		{0FED7337-FD8F-496A-9A9D-4EB9C5D71A90}.Ad-Hoc|x64.Deploy.0 = Release|Any CPU
		{0FED7337-FD8F-496A-9A9D-4EB9C5D71A90}.Ad-Hoc|x86.ActiveCfg = Release|Any CPU
		{0FED7337-FD8F-496A-9A9D-4EB9C5D71A90}.Ad-Hoc|x86.Build.0 = Release|Any CPU
		{0FED7337-FD8F-496A-9A9D-4EB9C5D71A90}.Ad-Hoc|x86.Deploy.0 = Release|Any CPU
		{0FED7337-FD8F-496A-9A9D-4EB9C5D71A90}.AppStore|Any CPU.ActiveCfg = Release|Any CPU
		{0FED7337-FD8F-496A-9A9D-4EB9C5D71A90}.AppStore|Any CPU.Build.0 = Release|Any CPU
		{0FED7337-FD8F-496A-9A9D-4EB9C5D71A90}.AppStore|Any CPU.Deploy.0 = Release|Any CPU
		{0FED7337-FD8F-496A-9A9D-4EB9C5D71A90}.AppStore|ARM.ActiveCfg = Release|Any CPU
		{0FED7337-FD8F-496A-9A9D-4EB9C5D71A90}.AppStore|ARM.Build.0 = Release|Any CPU
		{0FED7337-FD8F-496A-9A9D-4EB9C5D71A90}.AppStore|ARM.Deploy.0 = Release|Any CPU
		{0FED7337-FD8F-496A-9A9D-4EB9C5D71A90}.AppStore|iPhone.ActiveCfg = Release|Any CPU
		{0FED7337-FD8F-496A-9A9D-4EB9C5D71A90}.AppStore|iPhone.Build.0 = Release|Any CPU
		{0FED7337-FD8F-496A-9A9D-4EB9C5D71A90}.AppStore|iPhone.Deploy.0 = Release|Any CPU
		{0FED7337-FD8F-496A-9A9D-4EB9C5D71A90}.AppStore|iPhoneSimulator.ActiveCfg = Release|Any CPU
		{0FED7337-FD8F-496A-9A9D-4EB9C5D71A90}.AppStore|iPhoneSimulator.Build.0 = Release|Any CPU
		{0FED7337-FD8F-496A-9A9D-4EB9C5D71A90}.AppStore|iPhoneSimulator.Deploy.0 = Release|Any CPU
		{0FED7337-FD8F-496A-9A9D-4EB9C5D71A90}.AppStore|x64.ActiveCfg = Release|Any CPU
		{0FED7337-FD8F-496A-9A9D-4EB9C5D71A90}.AppStore|x64.Build.0 = Release|Any CPU
		{0FED7337-FD8F-496A-9A9D-4EB9C5D71A90}.AppStore|x64.Deploy.0 = Release|Any CPU
		{0FED7337-FD8F-496A-9A9D-4EB9C5D71A90}.AppStore|x86.ActiveCfg = Release|Any CPU
		{0FED7337-FD8F-496A-9A9D-4EB9C5D71A90}.AppStore|x86.Build.0 = Release|Any CPU
		{0FED7337-FD8F-496A-9A9D-4EB9C5D71A90}.AppStore|x86.Deploy.0 = Release|Any CPU
		{0FED7337-FD8F-496A-9A9D-4EB9C5D71A90}.Debug|Any CPU.ActiveCfg = Debug|Any CPU
		{0FED7337-FD8F-496A-9A9D-4EB9C5D71A90}.Debug|Any CPU.Build.0 = Debug|Any CPU
		{0FED7337-FD8F-496A-9A9D-4EB9C5D71A90}.Debug|Any CPU.Deploy.0 = Debug|Any CPU
		{0FED7337-FD8F-496A-9A9D-4EB9C5D71A90}.Debug|ARM.ActiveCfg = Debug|Any CPU
		{0FED7337-FD8F-496A-9A9D-4EB9C5D71A90}.Debug|ARM.Build.0 = Debug|Any CPU
		{0FED7337-FD8F-496A-9A9D-4EB9C5D71A90}.Debug|ARM.Deploy.0 = Debug|Any CPU
		{0FED7337-FD8F-496A-9A9D-4EB9C5D71A90}.Debug|iPhone.ActiveCfg = Debug|Any CPU
		{0FED7337-FD8F-496A-9A9D-4EB9C5D71A90}.Debug|iPhone.Build.0 = Debug|Any CPU
		{0FED7337-FD8F-496A-9A9D-4EB9C5D71A90}.Debug|iPhone.Deploy.0 = Debug|Any CPU
		{0FED7337-FD8F-496A-9A9D-4EB9C5D71A90}.Debug|iPhoneSimulator.ActiveCfg = Debug|Any CPU
		{0FED7337-FD8F-496A-9A9D-4EB9C5D71A90}.Debug|iPhoneSimulator.Build.0 = Debug|Any CPU
		{0FED7337-FD8F-496A-9A9D-4EB9C5D71A90}.Debug|iPhoneSimulator.Deploy.0 = Debug|Any CPU
		{0FED7337-FD8F-496A-9A9D-4EB9C5D71A90}.Debug|x64.ActiveCfg = Debug|Any CPU
		{0FED7337-FD8F-496A-9A9D-4EB9C5D71A90}.Debug|x64.Build.0 = Debug|Any CPU
		{0FED7337-FD8F-496A-9A9D-4EB9C5D71A90}.Debug|x64.Deploy.0 = Debug|Any CPU
		{0FED7337-FD8F-496A-9A9D-4EB9C5D71A90}.Debug|x86.ActiveCfg = Debug|Any CPU
		{0FED7337-FD8F-496A-9A9D-4EB9C5D71A90}.Debug|x86.Build.0 = Debug|Any CPU
		{0FED7337-FD8F-496A-9A9D-4EB9C5D71A90}.Debug|x86.Deploy.0 = Debug|Any CPU
		{0FED7337-FD8F-496A-9A9D-4EB9C5D71A90}.Release|Any CPU.ActiveCfg = Release|Any CPU
		{0FED7337-FD8F-496A-9A9D-4EB9C5D71A90}.Release|Any CPU.Build.0 = Release|Any CPU
		{0FED7337-FD8F-496A-9A9D-4EB9C5D71A90}.Release|Any CPU.Deploy.0 = Release|Any CPU
		{0FED7337-FD8F-496A-9A9D-4EB9C5D71A90}.Release|ARM.ActiveCfg = Release|Any CPU
		{0FED7337-FD8F-496A-9A9D-4EB9C5D71A90}.Release|ARM.Build.0 = Release|Any CPU
		{0FED7337-FD8F-496A-9A9D-4EB9C5D71A90}.Release|ARM.Deploy.0 = Release|Any CPU
		{0FED7337-FD8F-496A-9A9D-4EB9C5D71A90}.Release|iPhone.ActiveCfg = Release|Any CPU
		{0FED7337-FD8F-496A-9A9D-4EB9C5D71A90}.Release|iPhone.Build.0 = Release|Any CPU
		{0FED7337-FD8F-496A-9A9D-4EB9C5D71A90}.Release|iPhone.Deploy.0 = Release|Any CPU
		{0FED7337-FD8F-496A-9A9D-4EB9C5D71A90}.Release|iPhoneSimulator.ActiveCfg = Release|Any CPU
		{0FED7337-FD8F-496A-9A9D-4EB9C5D71A90}.Release|iPhoneSimulator.Build.0 = Release|Any CPU
		{0FED7337-FD8F-496A-9A9D-4EB9C5D71A90}.Release|iPhoneSimulator.Deploy.0 = Release|Any CPU
		{0FED7337-FD8F-496A-9A9D-4EB9C5D71A90}.Release|x64.ActiveCfg = Release|Any CPU
		{0FED7337-FD8F-496A-9A9D-4EB9C5D71A90}.Release|x64.Build.0 = Release|Any CPU
		{0FED7337-FD8F-496A-9A9D-4EB9C5D71A90}.Release|x64.Deploy.0 = Release|Any CPU
		{0FED7337-FD8F-496A-9A9D-4EB9C5D71A90}.Release|x86.ActiveCfg = Release|Any CPU
		{0FED7337-FD8F-496A-9A9D-4EB9C5D71A90}.Release|x86.Build.0 = Release|Any CPU
		{0FED7337-FD8F-496A-9A9D-4EB9C5D71A90}.Release|x86.Deploy.0 = Release|Any CPU
		{BF22F345-F8A7-4973-8B1A-9902BF73F86A}.Ad-Hoc|Any CPU.ActiveCfg = Ad-Hoc|iPhone
		{BF22F345-F8A7-4973-8B1A-9902BF73F86A}.Ad-Hoc|ARM.ActiveCfg = Ad-Hoc|iPhone
		{BF22F345-F8A7-4973-8B1A-9902BF73F86A}.Ad-Hoc|iPhone.ActiveCfg = Ad-Hoc|iPhone
		{BF22F345-F8A7-4973-8B1A-9902BF73F86A}.Ad-Hoc|iPhone.Build.0 = Ad-Hoc|iPhone
		{BF22F345-F8A7-4973-8B1A-9902BF73F86A}.Ad-Hoc|iPhoneSimulator.ActiveCfg = Ad-Hoc|iPhoneSimulator
		{BF22F345-F8A7-4973-8B1A-9902BF73F86A}.Ad-Hoc|iPhoneSimulator.Build.0 = Ad-Hoc|iPhoneSimulator
		{BF22F345-F8A7-4973-8B1A-9902BF73F86A}.Ad-Hoc|x64.ActiveCfg = Ad-Hoc|iPhone
		{BF22F345-F8A7-4973-8B1A-9902BF73F86A}.Ad-Hoc|x86.ActiveCfg = Ad-Hoc|iPhone
		{BF22F345-F8A7-4973-8B1A-9902BF73F86A}.AppStore|Any CPU.ActiveCfg = AppStore|iPhone
		{BF22F345-F8A7-4973-8B1A-9902BF73F86A}.AppStore|ARM.ActiveCfg = AppStore|iPhone
		{BF22F345-F8A7-4973-8B1A-9902BF73F86A}.AppStore|iPhone.ActiveCfg = AppStore|iPhone
		{BF22F345-F8A7-4973-8B1A-9902BF73F86A}.AppStore|iPhone.Build.0 = AppStore|iPhone
		{BF22F345-F8A7-4973-8B1A-9902BF73F86A}.AppStore|iPhoneSimulator.ActiveCfg = AppStore|iPhoneSimulator
		{BF22F345-F8A7-4973-8B1A-9902BF73F86A}.AppStore|iPhoneSimulator.Build.0 = AppStore|iPhoneSimulator
		{BF22F345-F8A7-4973-8B1A-9902BF73F86A}.AppStore|x64.ActiveCfg = AppStore|iPhone
		{BF22F345-F8A7-4973-8B1A-9902BF73F86A}.AppStore|x86.ActiveCfg = AppStore|iPhone
		{BF22F345-F8A7-4973-8B1A-9902BF73F86A}.Debug|Any CPU.ActiveCfg = Debug|iPhone
		{BF22F345-F8A7-4973-8B1A-9902BF73F86A}.Debug|ARM.ActiveCfg = Debug|iPhone
		{BF22F345-F8A7-4973-8B1A-9902BF73F86A}.Debug|iPhone.ActiveCfg = Debug|iPhone
		{BF22F345-F8A7-4973-8B1A-9902BF73F86A}.Debug|iPhone.Build.0 = Debug|iPhone
		{BF22F345-F8A7-4973-8B1A-9902BF73F86A}.Debug|iPhoneSimulator.ActiveCfg = Debug|iPhoneSimulator
		{BF22F345-F8A7-4973-8B1A-9902BF73F86A}.Debug|iPhoneSimulator.Build.0 = Debug|iPhoneSimulator
		{BF22F345-F8A7-4973-8B1A-9902BF73F86A}.Debug|x64.ActiveCfg = Debug|iPhone
		{BF22F345-F8A7-4973-8B1A-9902BF73F86A}.Debug|x86.ActiveCfg = Debug|iPhone
		{BF22F345-F8A7-4973-8B1A-9902BF73F86A}.Release|Any CPU.ActiveCfg = Release|iPhone
		{BF22F345-F8A7-4973-8B1A-9902BF73F86A}.Release|ARM.ActiveCfg = Release|iPhone
		{BF22F345-F8A7-4973-8B1A-9902BF73F86A}.Release|iPhone.ActiveCfg = Release|iPhone
		{BF22F345-F8A7-4973-8B1A-9902BF73F86A}.Release|iPhone.Build.0 = Release|iPhone
		{BF22F345-F8A7-4973-8B1A-9902BF73F86A}.Release|iPhoneSimulator.ActiveCfg = Release|iPhoneSimulator
		{BF22F345-F8A7-4973-8B1A-9902BF73F86A}.Release|iPhoneSimulator.Build.0 = Release|iPhoneSimulator
		{BF22F345-F8A7-4973-8B1A-9902BF73F86A}.Release|x64.ActiveCfg = Release|iPhone
		{BF22F345-F8A7-4973-8B1A-9902BF73F86A}.Release|x86.ActiveCfg = Release|iPhone
		{1CE1819B-054E-47CD-B26F-DF62404C2ACD}.Ad-Hoc|Any CPU.ActiveCfg = Release|x86
		{1CE1819B-054E-47CD-B26F-DF62404C2ACD}.Ad-Hoc|Any CPU.Build.0 = Release|x86
		{1CE1819B-054E-47CD-B26F-DF62404C2ACD}.Ad-Hoc|Any CPU.Deploy.0 = Release|x86
		{1CE1819B-054E-47CD-B26F-DF62404C2ACD}.Ad-Hoc|ARM.ActiveCfg = Release|ARM
		{1CE1819B-054E-47CD-B26F-DF62404C2ACD}.Ad-Hoc|ARM.Build.0 = Release|ARM
		{1CE1819B-054E-47CD-B26F-DF62404C2ACD}.Ad-Hoc|ARM.Deploy.0 = Release|ARM
		{1CE1819B-054E-47CD-B26F-DF62404C2ACD}.Ad-Hoc|iPhone.ActiveCfg = Release|x86
		{1CE1819B-054E-47CD-B26F-DF62404C2ACD}.Ad-Hoc|iPhone.Build.0 = Release|x86
		{1CE1819B-054E-47CD-B26F-DF62404C2ACD}.Ad-Hoc|iPhone.Deploy.0 = Release|x86
		{1CE1819B-054E-47CD-B26F-DF62404C2ACD}.Ad-Hoc|iPhoneSimulator.ActiveCfg = Release|x86
		{1CE1819B-054E-47CD-B26F-DF62404C2ACD}.Ad-Hoc|iPhoneSimulator.Build.0 = Release|x86
		{1CE1819B-054E-47CD-B26F-DF62404C2ACD}.Ad-Hoc|iPhoneSimulator.Deploy.0 = Release|x86
		{1CE1819B-054E-47CD-B26F-DF62404C2ACD}.Ad-Hoc|x64.ActiveCfg = Release|x64
		{1CE1819B-054E-47CD-B26F-DF62404C2ACD}.Ad-Hoc|x64.Build.0 = Release|x64
		{1CE1819B-054E-47CD-B26F-DF62404C2ACD}.Ad-Hoc|x64.Deploy.0 = Release|x64
		{1CE1819B-054E-47CD-B26F-DF62404C2ACD}.Ad-Hoc|x86.ActiveCfg = Release|x86
		{1CE1819B-054E-47CD-B26F-DF62404C2ACD}.Ad-Hoc|x86.Build.0 = Release|x86
		{1CE1819B-054E-47CD-B26F-DF62404C2ACD}.Ad-Hoc|x86.Deploy.0 = Release|x86
		{1CE1819B-054E-47CD-B26F-DF62404C2ACD}.AppStore|Any CPU.ActiveCfg = Release|x86
		{1CE1819B-054E-47CD-B26F-DF62404C2ACD}.AppStore|Any CPU.Build.0 = Release|x86
		{1CE1819B-054E-47CD-B26F-DF62404C2ACD}.AppStore|Any CPU.Deploy.0 = Release|x86
		{1CE1819B-054E-47CD-B26F-DF62404C2ACD}.AppStore|ARM.ActiveCfg = Release|ARM
		{1CE1819B-054E-47CD-B26F-DF62404C2ACD}.AppStore|ARM.Build.0 = Release|ARM
		{1CE1819B-054E-47CD-B26F-DF62404C2ACD}.AppStore|ARM.Deploy.0 = Release|ARM
		{1CE1819B-054E-47CD-B26F-DF62404C2ACD}.AppStore|iPhone.ActiveCfg = Release|x86
		{1CE1819B-054E-47CD-B26F-DF62404C2ACD}.AppStore|iPhone.Build.0 = Release|x86
		{1CE1819B-054E-47CD-B26F-DF62404C2ACD}.AppStore|iPhone.Deploy.0 = Release|x86
		{1CE1819B-054E-47CD-B26F-DF62404C2ACD}.AppStore|iPhoneSimulator.ActiveCfg = Release|x86
		{1CE1819B-054E-47CD-B26F-DF62404C2ACD}.AppStore|iPhoneSimulator.Build.0 = Release|x86
		{1CE1819B-054E-47CD-B26F-DF62404C2ACD}.AppStore|iPhoneSimulator.Deploy.0 = Release|x86
		{1CE1819B-054E-47CD-B26F-DF62404C2ACD}.AppStore|x64.ActiveCfg = Release|x64
		{1CE1819B-054E-47CD-B26F-DF62404C2ACD}.AppStore|x64.Build.0 = Release|x64
		{1CE1819B-054E-47CD-B26F-DF62404C2ACD}.AppStore|x64.Deploy.0 = Release|x64
		{1CE1819B-054E-47CD-B26F-DF62404C2ACD}.AppStore|x86.ActiveCfg = Release|x86
		{1CE1819B-054E-47CD-B26F-DF62404C2ACD}.AppStore|x86.Build.0 = Release|x86
		{1CE1819B-054E-47CD-B26F-DF62404C2ACD}.AppStore|x86.Deploy.0 = Release|x86
		{1CE1819B-054E-47CD-B26F-DF62404C2ACD}.Debug|Any CPU.ActiveCfg = Debug|x86
		{1CE1819B-054E-47CD-B26F-DF62404C2ACD}.Debug|ARM.ActiveCfg = Debug|ARM
		{1CE1819B-054E-47CD-B26F-DF62404C2ACD}.Debug|ARM.Build.0 = Debug|ARM
		{1CE1819B-054E-47CD-B26F-DF62404C2ACD}.Debug|ARM.Deploy.0 = Debug|ARM
		{1CE1819B-054E-47CD-B26F-DF62404C2ACD}.Debug|iPhone.ActiveCfg = Debug|x86
		{1CE1819B-054E-47CD-B26F-DF62404C2ACD}.Debug|iPhoneSimulator.ActiveCfg = Debug|x86
		{1CE1819B-054E-47CD-B26F-DF62404C2ACD}.Debug|x64.ActiveCfg = Debug|x64
		{1CE1819B-054E-47CD-B26F-DF62404C2ACD}.Debug|x64.Build.0 = Debug|x64
		{1CE1819B-054E-47CD-B26F-DF62404C2ACD}.Debug|x64.Deploy.0 = Debug|x64
		{1CE1819B-054E-47CD-B26F-DF62404C2ACD}.Debug|x86.ActiveCfg = Debug|x86
		{1CE1819B-054E-47CD-B26F-DF62404C2ACD}.Debug|x86.Build.0 = Debug|x86
		{1CE1819B-054E-47CD-B26F-DF62404C2ACD}.Debug|x86.Deploy.0 = Debug|x86
		{1CE1819B-054E-47CD-B26F-DF62404C2ACD}.Release|Any CPU.ActiveCfg = Release|x86
		{1CE1819B-054E-47CD-B26F-DF62404C2ACD}.Release|ARM.ActiveCfg = Release|ARM
		{1CE1819B-054E-47CD-B26F-DF62404C2ACD}.Release|ARM.Build.0 = Release|ARM
		{1CE1819B-054E-47CD-B26F-DF62404C2ACD}.Release|ARM.Deploy.0 = Release|ARM
		{1CE1819B-054E-47CD-B26F-DF62404C2ACD}.Release|iPhone.ActiveCfg = Release|x86
		{1CE1819B-054E-47CD-B26F-DF62404C2ACD}.Release|iPhoneSimulator.ActiveCfg = Release|x86
		{1CE1819B-054E-47CD-B26F-DF62404C2ACD}.Release|x64.ActiveCfg = Release|x64
		{1CE1819B-054E-47CD-B26F-DF62404C2ACD}.Release|x64.Build.0 = Release|x64
		{1CE1819B-054E-47CD-B26F-DF62404C2ACD}.Release|x64.Deploy.0 = Release|x64
		{1CE1819B-054E-47CD-B26F-DF62404C2ACD}.Release|x86.ActiveCfg = Release|x86
		{1CE1819B-054E-47CD-B26F-DF62404C2ACD}.Release|x86.Build.0 = Release|x86
		{1CE1819B-054E-47CD-B26F-DF62404C2ACD}.Release|x86.Deploy.0 = Release|x86
	EndGlobalSection
	GlobalSection(SolutionProperties) = preSolution
		HideSolutionNode = FALSE
	EndGlobalSection
	GlobalSection(ExtensibilityGlobals) = postSolution
		SolutionGuid = {F39C9EC0-7D84-4D08-8E69-E593BDBFC416}
	EndGlobalSection
EndGlobal
